// !$*UTF8*$!
{
	archiveVersion = 1;
	classes = {
	};
	objectVersion = 56;
	objects = {

/* Begin PBXBuildFile section */
		530613FA293FFE8A00E81DB7 /* TestView.swift in Sources */ = {isa = PBXBuildFile; fileRef = 530613F9293FFE8A00E81DB7 /* TestView.swift */; };
		530613FF29409AAB00E81DB7 /* tresor.json in Resources */ = {isa = PBXBuildFile; fileRef = 530613FE29409AAB00E81DB7 /* tresor.json */; };
		5306140529409BD300E81DB7 /* LottieView.swift in Sources */ = {isa = PBXBuildFile; fileRef = 5306140429409BD300E81DB7 /* LottieView.swift */; };
		5306140729409E1500E81DB7 /* lottieTestView.swift in Sources */ = {isa = PBXBuildFile; fileRef = 5306140629409E1500E81DB7 /* lottieTestView.swift */; };
		5306142B2940AF9900E81DB7 /* Lottie in Frameworks */ = {isa = PBXBuildFile; productRef = 5306142A2940AF9900E81DB7 /* Lottie */; };
		5306142D2940C43000E81DB7 /* podium.json in Resources */ = {isa = PBXBuildFile; fileRef = 5306142C2940C43000E81DB7 /* podium.json */; };
		5306142F2940C8BF00E81DB7 /* podium (2).json in Resources */ = {isa = PBXBuildFile; fileRef = 5306142E2940C8BE00E81DB7 /* podium (2).json */; };
		530614312940C95B00E81DB7 /* podium (3).json in Resources */ = {isa = PBXBuildFile; fileRef = 530614302940C95B00E81DB7 /* podium (3).json */; };
		530614332940C9F600E81DB7 /* podium (4).json in Resources */ = {isa = PBXBuildFile; fileRef = 530614322940C9F600E81DB7 /* podium (4).json */; };
		530614352940CAC200E81DB7 /* podium (5).json in Resources */ = {isa = PBXBuildFile; fileRef = 530614342940CAC200E81DB7 /* podium (5).json */; };
		5318EF69293E2C3700A87B59 /* UserSettingView.swift in Sources */ = {isa = PBXBuildFile; fileRef = 5318EF68293E2C3700A87B59 /* UserSettingView.swift */; };
		5356BACA2937718200492851 /* UserView.swift in Sources */ = {isa = PBXBuildFile; fileRef = 5356BAC92937718200492851 /* UserView.swift */; };
		5356BACC2937719F00492851 /* UserViewModel.swift in Sources */ = {isa = PBXBuildFile; fileRef = 5356BACB2937719F00492851 /* UserViewModel.swift */; };
		5356BACE2937AD8A00492851 /* ClassementView.swift in Sources */ = {isa = PBXBuildFile; fileRef = 5356BACD2937AD8A00492851 /* ClassementView.swift */; };
		53985499293AB30000BF7CCF /* ClassementUserView.swift in Sources */ = {isa = PBXBuildFile; fileRef = 53985498293AB30000BF7CCF /* ClassementUserView.swift */; };
		5398549B293CF0A200BF7CCF /* LeadBoardView.swift in Sources */ = {isa = PBXBuildFile; fileRef = 5398549A293CF0A200BF7CCF /* LeadBoardView.swift */; };
		53DC2711293EA54E0047A181 /* TreasureView.swift in Sources */ = {isa = PBXBuildFile; fileRef = 53DC2710293EA54E0047A181 /* TreasureView.swift */; };
		53DC2713293EA58B0047A181 /* TreasureViewModel.swift in Sources */ = {isa = PBXBuildFile; fileRef = 53DC2712293EA58B0047A181 /* TreasureViewModel.swift */; };
		53DC2717293F5E260047A181 /* SignInView.swift in Sources */ = {isa = PBXBuildFile; fileRef = 53DC2716293F5E260047A181 /* SignInView.swift */; };
		53DC2719293F5EA10047A181 /* SignUpView.swift in Sources */ = {isa = PBXBuildFile; fileRef = 53DC2718293F5EA10047A181 /* SignUpView.swift */; };
		7BC513D4293750F400DE0CE9 /* CatApp.swift in Sources */ = {isa = PBXBuildFile; fileRef = 7BC513D3293750F400DE0CE9 /* CatApp.swift */; };
		7BC513D6293750F400DE0CE9 /* ContentView.swift in Sources */ = {isa = PBXBuildFile; fileRef = 7BC513D5293750F400DE0CE9 /* ContentView.swift */; };
		7BC513D8293750F400DE0CE9 /* Assets.xcassets in Resources */ = {isa = PBXBuildFile; fileRef = 7BC513D7293750F400DE0CE9 /* Assets.xcassets */; };
		7BC513DB293750F400DE0CE9 /* Preview Assets.xcassets in Resources */ = {isa = PBXBuildFile; fileRef = 7BC513DA293750F400DE0CE9 /* Preview Assets.xcassets */; };
		7BC513E7293765F400DE0CE9 /* TreasureModel.swift in Sources */ = {isa = PBXBuildFile; fileRef = 7BC513E6293765F400DE0CE9 /* TreasureModel.swift */; };
		7BC513EB2937662F00DE0CE9 /* MapPointModel.swift in Sources */ = {isa = PBXBuildFile; fileRef = 7BC513EA2937662F00DE0CE9 /* MapPointModel.swift */; };
		7BC513ED2937665000DE0CE9 /* GameModel.swift in Sources */ = {isa = PBXBuildFile; fileRef = 7BC513EC2937665000DE0CE9 /* GameModel.swift */; };
		7BC513EF2937666600DE0CE9 /* ParticipantModel.swift in Sources */ = {isa = PBXBuildFile; fileRef = 7BC513EE2937666600DE0CE9 /* ParticipantModel.swift */; };
		7BC513F12937668B00DE0CE9 /* UserModel.swift in Sources */ = {isa = PBXBuildFile; fileRef = 7BC513F02937668B00DE0CE9 /* UserModel.swift */; };
		7BC513F3293766E900DE0CE9 /* DeleteFile.swift in Sources */ = {isa = PBXBuildFile; fileRef = 7BC513F2293766E900DE0CE9 /* DeleteFile.swift */; };
		7BC513F729376C2400DE0CE9 /* DeleteFile1.swift in Sources */ = {isa = PBXBuildFile; fileRef = 7BC513F629376C2400DE0CE9 /* DeleteFile1.swift */; };
		7BC513F9293770EE00DE0CE9 /* ButtonCust.swift in Sources */ = {isa = PBXBuildFile; fileRef = 7BC513F8293770EE00DE0CE9 /* ButtonCust.swift */; };
		7BC513FB2937729B00DE0CE9 /* Button&Color.swift in Sources */ = {isa = PBXBuildFile; fileRef = 7BC513FA2937729B00DE0CE9 /* Button&Color.swift */; };
		7BC513FD29379BC200DE0CE9 /* CodeGameView.swift in Sources */ = {isa = PBXBuildFile; fileRef = 7BC513FC29379BC200DE0CE9 /* CodeGameView.swift */; };
		7BC5140029379C0B00DE0CE9 /* LogoCAT.swift in Sources */ = {isa = PBXBuildFile; fileRef = 7BC513FF29379C0B00DE0CE9 /* LogoCAT.swift */; };
		7BC5140229389DA400DE0CE9 /* ViewTextField.swift in Sources */ = {isa = PBXBuildFile; fileRef = 7BC5140129389DA400DE0CE9 /* ViewTextField.swift */; };
		7BC514042938FF1400DE0CE9 /* WaitingRoom.swift in Sources */ = {isa = PBXBuildFile; fileRef = 7BC514032938FF1300DE0CE9 /* WaitingRoom.swift */; };
		7BC514072938FFEF00DE0CE9 /* UserWaitVM.swift in Sources */ = {isa = PBXBuildFile; fileRef = 7BC514062938FFEF00DE0CE9 /* UserWaitVM.swift */; };
		7BC514092939074000DE0CE9 /* CustList.swift in Sources */ = {isa = PBXBuildFile; fileRef = 7BC514082939074000DE0CE9 /* CustList.swift */; };
		7BC5140D293A067E00DE0CE9 /* DotView.swift in Sources */ = {isa = PBXBuildFile; fileRef = 7BC5140C293A067E00DE0CE9 /* DotView.swift */; };
/* End PBXBuildFile section */

/* Begin PBXFileReference section */
		530613F9293FFE8A00E81DB7 /* TestView.swift */ = {isa = PBXFileReference; lastKnownFileType = sourcecode.swift; path = TestView.swift; sourceTree = "<group>"; };
		530613FE29409AAB00E81DB7 /* tresor.json */ = {isa = PBXFileReference; fileEncoding = 4; lastKnownFileType = text.json; path = tresor.json; sourceTree = "<group>"; };
		5306140429409BD300E81DB7 /* LottieView.swift */ = {isa = PBXFileReference; lastKnownFileType = sourcecode.swift; path = LottieView.swift; sourceTree = "<group>"; };
		5306140629409E1500E81DB7 /* lottieTestView.swift */ = {isa = PBXFileReference; lastKnownFileType = sourcecode.swift; path = lottieTestView.swift; sourceTree = "<group>"; };
		5306142C2940C43000E81DB7 /* podium.json */ = {isa = PBXFileReference; fileEncoding = 4; lastKnownFileType = text.json; path = podium.json; sourceTree = "<group>"; };
		5306142E2940C8BE00E81DB7 /* podium (2).json */ = {isa = PBXFileReference; fileEncoding = 4; lastKnownFileType = text.json; path = "podium (2).json"; sourceTree = "<group>"; };
		530614302940C95B00E81DB7 /* podium (3).json */ = {isa = PBXFileReference; fileEncoding = 4; lastKnownFileType = text.json; path = "podium (3).json"; sourceTree = "<group>"; };
		530614322940C9F600E81DB7 /* podium (4).json */ = {isa = PBXFileReference; fileEncoding = 4; lastKnownFileType = text.json; path = "podium (4).json"; sourceTree = "<group>"; };
		530614342940CAC200E81DB7 /* podium (5).json */ = {isa = PBXFileReference; fileEncoding = 4; lastKnownFileType = text.json; path = "podium (5).json"; sourceTree = "<group>"; };
		5318EF68293E2C3700A87B59 /* UserSettingView.swift */ = {isa = PBXFileReference; lastKnownFileType = sourcecode.swift; path = UserSettingView.swift; sourceTree = "<group>"; };
		5356BAC92937718200492851 /* UserView.swift */ = {isa = PBXFileReference; lastKnownFileType = sourcecode.swift; path = UserView.swift; sourceTree = "<group>"; };
		5356BACB2937719F00492851 /* UserViewModel.swift */ = {isa = PBXFileReference; lastKnownFileType = sourcecode.swift; path = UserViewModel.swift; sourceTree = "<group>"; };
		5356BACD2937AD8A00492851 /* ClassementView.swift */ = {isa = PBXFileReference; lastKnownFileType = sourcecode.swift; path = ClassementView.swift; sourceTree = "<group>"; };
		53985498293AB30000BF7CCF /* ClassementUserView.swift */ = {isa = PBXFileReference; lastKnownFileType = sourcecode.swift; path = ClassementUserView.swift; sourceTree = "<group>"; };
		5398549A293CF0A200BF7CCF /* LeadBoardView.swift */ = {isa = PBXFileReference; lastKnownFileType = sourcecode.swift; path = LeadBoardView.swift; sourceTree = "<group>"; };
		53DC2710293EA54E0047A181 /* TreasureView.swift */ = {isa = PBXFileReference; lastKnownFileType = sourcecode.swift; path = TreasureView.swift; sourceTree = "<group>"; };
		53DC2712293EA58B0047A181 /* TreasureViewModel.swift */ = {isa = PBXFileReference; lastKnownFileType = sourcecode.swift; path = TreasureViewModel.swift; sourceTree = "<group>"; };
		53DC2716293F5E260047A181 /* SignInView.swift */ = {isa = PBXFileReference; lastKnownFileType = sourcecode.swift; path = SignInView.swift; sourceTree = "<group>"; };
		53DC2718293F5EA10047A181 /* SignUpView.swift */ = {isa = PBXFileReference; lastKnownFileType = sourcecode.swift; path = SignUpView.swift; sourceTree = "<group>"; };
		7BC513D0293750F400DE0CE9 /* Cat.app */ = {isa = PBXFileReference; explicitFileType = wrapper.application; includeInIndex = 0; path = Cat.app; sourceTree = BUILT_PRODUCTS_DIR; };
		7BC513D3293750F400DE0CE9 /* CatApp.swift */ = {isa = PBXFileReference; lastKnownFileType = sourcecode.swift; path = CatApp.swift; sourceTree = "<group>"; };
		7BC513D5293750F400DE0CE9 /* ContentView.swift */ = {isa = PBXFileReference; lastKnownFileType = sourcecode.swift; path = ContentView.swift; sourceTree = "<group>"; };
		7BC513D7293750F400DE0CE9 /* Assets.xcassets */ = {isa = PBXFileReference; lastKnownFileType = folder.assetcatalog; path = Assets.xcassets; sourceTree = "<group>"; };
		7BC513DA293750F400DE0CE9 /* Preview Assets.xcassets */ = {isa = PBXFileReference; lastKnownFileType = folder.assetcatalog; path = "Preview Assets.xcassets"; sourceTree = "<group>"; };
		7BC513E6293765F400DE0CE9 /* TreasureModel.swift */ = {isa = PBXFileReference; lastKnownFileType = sourcecode.swift; path = TreasureModel.swift; sourceTree = "<group>"; };
		7BC513EA2937662F00DE0CE9 /* MapPointModel.swift */ = {isa = PBXFileReference; lastKnownFileType = sourcecode.swift; path = MapPointModel.swift; sourceTree = "<group>"; };
		7BC513EC2937665000DE0CE9 /* GameModel.swift */ = {isa = PBXFileReference; lastKnownFileType = sourcecode.swift; path = GameModel.swift; sourceTree = "<group>"; };
		7BC513EE2937666600DE0CE9 /* ParticipantModel.swift */ = {isa = PBXFileReference; lastKnownFileType = sourcecode.swift; path = ParticipantModel.swift; sourceTree = "<group>"; };
		7BC513F02937668B00DE0CE9 /* UserModel.swift */ = {isa = PBXFileReference; lastKnownFileType = sourcecode.swift; path = UserModel.swift; sourceTree = "<group>"; };
		7BC513F2293766E900DE0CE9 /* DeleteFile.swift */ = {isa = PBXFileReference; lastKnownFileType = sourcecode.swift; path = DeleteFile.swift; sourceTree = "<group>"; };
		7BC513F629376C2400DE0CE9 /* DeleteFile1.swift */ = {isa = PBXFileReference; lastKnownFileType = sourcecode.swift; path = DeleteFile1.swift; sourceTree = "<group>"; };
		7BC513F8293770EE00DE0CE9 /* ButtonCust.swift */ = {isa = PBXFileReference; lastKnownFileType = sourcecode.swift; path = ButtonCust.swift; sourceTree = "<group>"; };
		7BC513FA2937729B00DE0CE9 /* Button&Color.swift */ = {isa = PBXFileReference; lastKnownFileType = sourcecode.swift; path = "Button&Color.swift"; sourceTree = "<group>"; };
		7BC513FC29379BC200DE0CE9 /* CodeGameView.swift */ = {isa = PBXFileReference; lastKnownFileType = sourcecode.swift; path = CodeGameView.swift; sourceTree = "<group>"; };
		7BC513FF29379C0B00DE0CE9 /* LogoCAT.swift */ = {isa = PBXFileReference; lastKnownFileType = sourcecode.swift; path = LogoCAT.swift; sourceTree = "<group>"; };
		7BC5140129389DA400DE0CE9 /* ViewTextField.swift */ = {isa = PBXFileReference; lastKnownFileType = sourcecode.swift; path = ViewTextField.swift; sourceTree = "<group>"; };
		7BC514032938FF1300DE0CE9 /* WaitingRoom.swift */ = {isa = PBXFileReference; lastKnownFileType = sourcecode.swift; path = WaitingRoom.swift; sourceTree = "<group>"; };
		7BC514062938FFEF00DE0CE9 /* UserWaitVM.swift */ = {isa = PBXFileReference; lastKnownFileType = sourcecode.swift; path = UserWaitVM.swift; sourceTree = "<group>"; };
		7BC514082939074000DE0CE9 /* CustList.swift */ = {isa = PBXFileReference; lastKnownFileType = sourcecode.swift; path = CustList.swift; sourceTree = "<group>"; };
		7BC5140C293A067E00DE0CE9 /* DotView.swift */ = {isa = PBXFileReference; lastKnownFileType = sourcecode.swift; path = DotView.swift; sourceTree = "<group>"; };
/* End PBXFileReference section */

/* Begin PBXFrameworksBuildPhase section */
		7BC513CD293750F400DE0CE9 /* Frameworks */ = {
			isa = PBXFrameworksBuildPhase;
			buildActionMask = 2147483647;
			files = (
				5306142B2940AF9900E81DB7 /* Lottie in Frameworks */,
			);
			runOnlyForDeploymentPostprocessing = 0;
		};
/* End PBXFrameworksBuildPhase section */

/* Begin PBXGroup section */
		7BC513C7293750F400DE0CE9 = {
			isa = PBXGroup;
			children = (
				7BC513D2293750F400DE0CE9 /* Cat */,
				7BC513D1293750F400DE0CE9 /* Products */,
			);
			sourceTree = "<group>";
		};
		7BC513D1293750F400DE0CE9 /* Products */ = {
			isa = PBXGroup;
			children = (
				7BC513D0293750F400DE0CE9 /* Cat.app */,
			);
			name = Products;
			sourceTree = "<group>";
		};
		7BC513D2293750F400DE0CE9 /* Cat */ = {
			isa = PBXGroup;
			children = (
				7BC513D3293750F400DE0CE9 /* CatApp.swift */,
				7BC513D5293750F400DE0CE9 /* ContentView.swift */,
				7BC513E5293765B600DE0CE9 /* View */,
				7BC513E12937512B00DE0CE9 /* Model */,
				7BC513E4293765AC00DE0CE9 /* ViewModel */,
				7BC513D7293750F400DE0CE9 /* Assets.xcassets */,
				7BC513D9293750F400DE0CE9 /* Preview Content */,
			);
			path = Cat;
			sourceTree = "<group>";
		};
		7BC513D9293750F400DE0CE9 /* Preview Content */ = {
			isa = PBXGroup;
			children = (
				7BC513DA293750F400DE0CE9 /* Preview Assets.xcassets */,
			);
			path = "Preview Content";
			sourceTree = "<group>";
		};
		7BC513E12937512B00DE0CE9 /* Model */ = {
			isa = PBXGroup;
			children = (
				7BC513F02937668B00DE0CE9 /* UserModel.swift */,
				7BC513EE2937666600DE0CE9 /* ParticipantModel.swift */,
				7BC513EC2937665000DE0CE9 /* GameModel.swift */,
				7BC513E6293765F400DE0CE9 /* TreasureModel.swift */,
				7BC513EA2937662F00DE0CE9 /* MapPointModel.swift */,
			);
			path = Model;
			sourceTree = "<group>";
		};
		7BC513E4293765AC00DE0CE9 /* ViewModel */ = {
			isa = PBXGroup;
			children = (
				7BC513F629376C2400DE0CE9 /* DeleteFile1.swift */,
				5356BACB2937719F00492851 /* UserViewModel.swift */,
				7BC514062938FFEF00DE0CE9 /* UserWaitVM.swift */,
				7BC513FA2937729B00DE0CE9 /* Button&Color.swift */,
				7BC5140129389DA400DE0CE9 /* ViewTextField.swift */,
				53DC2712293EA58B0047A181 /* TreasureViewModel.swift */,
			);
			path = ViewModel;
			sourceTree = "<group>";
		};
		7BC513E5293765B600DE0CE9 /* View */ = {
			isa = PBXGroup;
			children = (
				7BC513F2293766E900DE0CE9 /* DeleteFile.swift */,
				5356BAC92937718200492851 /* UserView.swift */,
				5318EF68293E2C3700A87B59 /* UserSettingView.swift */,
				5356BACD2937AD8A00492851 /* ClassementView.swift */,
				53985498293AB30000BF7CCF /* ClassementUserView.swift */,
				5398549A293CF0A200BF7CCF /* LeadBoardView.swift */,
				7BC513FC29379BC200DE0CE9 /* CodeGameView.swift */,
				7BC514032938FF1300DE0CE9 /* WaitingRoom.swift */,
				53DC2710293EA54E0047A181 /* TreasureView.swift */,
				53DC2716293F5E260047A181 /* SignInView.swift */,
				53DC2718293F5EA10047A181 /* SignUpView.swift */,
				530613F9293FFE8A00E81DB7 /* TestView.swift */,
				7BC513FE29379BEC00DE0CE9 /* Helpers */,
				5306140429409BD300E81DB7 /* LottieView.swift */,
				5306140629409E1500E81DB7 /* lottieTestView.swift */,
				530613FE29409AAB00E81DB7 /* tresor.json */,
				5306142C2940C43000E81DB7 /* podium.json */,
				5306142E2940C8BE00E81DB7 /* podium (2).json */,
				530614302940C95B00E81DB7 /* podium (3).json */,
				530614322940C9F600E81DB7 /* podium (4).json */,
				530614342940CAC200E81DB7 /* podium (5).json */,
			);
			path = View;
			sourceTree = "<group>";
		};
		7BC513FE29379BEC00DE0CE9 /* Helpers */ = {
			isa = PBXGroup;
			children = (
				7BC513F8293770EE00DE0CE9 /* ButtonCust.swift */,
				7BC5140C293A067E00DE0CE9 /* DotView.swift */,
				7BC514082939074000DE0CE9 /* CustList.swift */,
				7BC513FF29379C0B00DE0CE9 /* LogoCAT.swift */,
			);
			path = Helpers;
			sourceTree = "<group>";
		};
/* End PBXGroup section */

/* Begin PBXNativeTarget section */
		7BC513CF293750F400DE0CE9 /* Cat */ = {
			isa = PBXNativeTarget;
			buildConfigurationList = 7BC513DE293750F400DE0CE9 /* Build configuration list for PBXNativeTarget "Cat" */;
			buildPhases = (
				7BC513CC293750F400DE0CE9 /* Sources */,
				7BC513CD293750F400DE0CE9 /* Frameworks */,
				7BC513CE293750F400DE0CE9 /* Resources */,
			);
			buildRules = (
			);
			dependencies = (
			);
			name = Cat;
			packageProductDependencies = (
				5306142A2940AF9900E81DB7 /* Lottie */,
			);
			productName = Cat;
			productReference = 7BC513D0293750F400DE0CE9 /* Cat.app */;
			productType = "com.apple.product-type.application";
		};
/* End PBXNativeTarget section */

/* Begin PBXProject section */
		7BC513C8293750F400DE0CE9 /* Project object */ = {
			isa = PBXProject;
			attributes = {
				BuildIndependentTargetsInParallel = 1;
				LastSwiftUpdateCheck = 1400;
				LastUpgradeCheck = 1400;
				TargetAttributes = {
					7BC513CF293750F400DE0CE9 = {
						CreatedOnToolsVersion = 14.0;
					};
				};
			};
			buildConfigurationList = 7BC513CB293750F400DE0CE9 /* Build configuration list for PBXProject "Cat" */;
			compatibilityVersion = "Xcode 14.0";
			developmentRegion = en;
			hasScannedForEncodings = 0;
			knownRegions = (
				en,
				Base,
			);
			mainGroup = 7BC513C7293750F400DE0CE9;
			packageReferences = (
				530614292940AF9900E81DB7 /* XCRemoteSwiftPackageReference "lottie-ios" */,
			);
			productRefGroup = 7BC513D1293750F400DE0CE9 /* Products */;
			projectDirPath = "";
			projectRoot = "";
			targets = (
				7BC513CF293750F400DE0CE9 /* Cat */,
			);
		};
/* End PBXProject section */

/* Begin PBXResourcesBuildPhase section */
		7BC513CE293750F400DE0CE9 /* Resources */ = {
			isa = PBXResourcesBuildPhase;
			buildActionMask = 2147483647;
			files = (
				530614332940C9F600E81DB7 /* podium (4).json in Resources */,
				7BC513DB293750F400DE0CE9 /* Preview Assets.xcassets in Resources */,
				5306142D2940C43000E81DB7 /* podium.json in Resources */,
				530614352940CAC200E81DB7 /* podium (5).json in Resources */,
				5306142F2940C8BF00E81DB7 /* podium (2).json in Resources */,
				7BC513D8293750F400DE0CE9 /* Assets.xcassets in Resources */,
				530613FF29409AAB00E81DB7 /* tresor.json in Resources */,
				530614312940C95B00E81DB7 /* podium (3).json in Resources */,
			);
			runOnlyForDeploymentPostprocessing = 0;
		};
/* End PBXResourcesBuildPhase section */

/* Begin PBXSourcesBuildPhase section */
		7BC513CC293750F400DE0CE9 /* Sources */ = {
			isa = PBXSourcesBuildPhase;
			buildActionMask = 2147483647;
			files = (
				7BC5140029379C0B00DE0CE9 /* LogoCAT.swift in Sources */,
				7BC513D6293750F400DE0CE9 /* ContentView.swift in Sources */,
				5356BACC2937719F00492851 /* UserViewModel.swift in Sources */,
				530613FA293FFE8A00E81DB7 /* TestView.swift in Sources */,
				7BC5140D293A067E00DE0CE9 /* DotView.swift in Sources */,
				7BC514072938FFEF00DE0CE9 /* UserWaitVM.swift in Sources */,
				7BC513F9293770EE00DE0CE9 /* ButtonCust.swift in Sources */,
				7BC513D4293750F400DE0CE9 /* CatApp.swift in Sources */,
				7BC514042938FF1400DE0CE9 /* WaitingRoom.swift in Sources */,
				7BC513FB2937729B00DE0CE9 /* Button&Color.swift in Sources */,
				7BC513F12937668B00DE0CE9 /* UserModel.swift in Sources */,
				5306140529409BD300E81DB7 /* LottieView.swift in Sources */,
				53DC2717293F5E260047A181 /* SignInView.swift in Sources */,
				5318EF69293E2C3700A87B59 /* UserSettingView.swift in Sources */,
				7BC513EB2937662F00DE0CE9 /* MapPointModel.swift in Sources */,
				7BC514092939074000DE0CE9 /* CustList.swift in Sources */,
				7BC513E7293765F400DE0CE9 /* TreasureModel.swift in Sources */,
				7BC513F729376C2400DE0CE9 /* DeleteFile1.swift in Sources */,
				5398549B293CF0A200BF7CCF /* LeadBoardView.swift in Sources */,
				7BC513EF2937666600DE0CE9 /* ParticipantModel.swift in Sources */,
				53985499293AB30000BF7CCF /* ClassementUserView.swift in Sources */,
				5356BACA2937718200492851 /* UserView.swift in Sources */,
				5356BACE2937AD8A00492851 /* ClassementView.swift in Sources */,
				7BC5140229389DA400DE0CE9 /* ViewTextField.swift in Sources */,
				7BC513FD29379BC200DE0CE9 /* CodeGameView.swift in Sources */,
				7BC513F3293766E900DE0CE9 /* DeleteFile.swift in Sources */,
				53DC2719293F5EA10047A181 /* SignUpView.swift in Sources */,
				5306140729409E1500E81DB7 /* lottieTestView.swift in Sources */,
				7BC513ED2937665000DE0CE9 /* GameModel.swift in Sources */,
				53DC2711293EA54E0047A181 /* TreasureView.swift in Sources */,
				53DC2713293EA58B0047A181 /* TreasureViewModel.swift in Sources */,
			);
			runOnlyForDeploymentPostprocessing = 0;
		};
/* End PBXSourcesBuildPhase section */

/* Begin XCBuildConfiguration section */
		7BC513DC293750F400DE0CE9 /* Debug */ = {
			isa = XCBuildConfiguration;
			buildSettings = {
				ALWAYS_SEARCH_USER_PATHS = NO;
				CLANG_ANALYZER_NONNULL = YES;
				CLANG_ANALYZER_NUMBER_OBJECT_CONVERSION = YES_AGGRESSIVE;
				CLANG_CXX_LANGUAGE_STANDARD = "gnu++20";
				CLANG_ENABLE_MODULES = YES;
				CLANG_ENABLE_OBJC_ARC = YES;
				CLANG_ENABLE_OBJC_WEAK = YES;
				CLANG_WARN_BLOCK_CAPTURE_AUTORELEASING = YES;
				CLANG_WARN_BOOL_CONVERSION = YES;
				CLANG_WARN_COMMA = YES;
				CLANG_WARN_CONSTANT_CONVERSION = YES;
				CLANG_WARN_DEPRECATED_OBJC_IMPLEMENTATIONS = YES;
				CLANG_WARN_DIRECT_OBJC_ISA_USAGE = YES_ERROR;
				CLANG_WARN_DOCUMENTATION_COMMENTS = YES;
				CLANG_WARN_EMPTY_BODY = YES;
				CLANG_WARN_ENUM_CONVERSION = YES;
				CLANG_WARN_INFINITE_RECURSION = YES;
				CLANG_WARN_INT_CONVERSION = YES;
				CLANG_WARN_NON_LITERAL_NULL_CONVERSION = YES;
				CLANG_WARN_OBJC_IMPLICIT_RETAIN_SELF = YES;
				CLANG_WARN_OBJC_LITERAL_CONVERSION = YES;
				CLANG_WARN_OBJC_ROOT_CLASS = YES_ERROR;
				CLANG_WARN_QUOTED_INCLUDE_IN_FRAMEWORK_HEADER = YES;
				CLANG_WARN_RANGE_LOOP_ANALYSIS = YES;
				CLANG_WARN_STRICT_PROTOTYPES = YES;
				CLANG_WARN_SUSPICIOUS_MOVE = YES;
				CLANG_WARN_UNGUARDED_AVAILABILITY = YES_AGGRESSIVE;
				CLANG_WARN_UNREACHABLE_CODE = YES;
				CLANG_WARN__DUPLICATE_METHOD_MATCH = YES;
				COPY_PHASE_STRIP = NO;
				DEBUG_INFORMATION_FORMAT = dwarf;
				ENABLE_STRICT_OBJC_MSGSEND = YES;
				ENABLE_TESTABILITY = YES;
				GCC_C_LANGUAGE_STANDARD = gnu11;
				GCC_DYNAMIC_NO_PIC = NO;
				GCC_NO_COMMON_BLOCKS = YES;
				GCC_OPTIMIZATION_LEVEL = 0;
				GCC_PREPROCESSOR_DEFINITIONS = (
					"DEBUG=1",
					"$(inherited)",
				);
				GCC_WARN_64_TO_32_BIT_CONVERSION = YES;
				GCC_WARN_ABOUT_RETURN_TYPE = YES_ERROR;
				GCC_WARN_UNDECLARED_SELECTOR = YES;
				GCC_WARN_UNINITIALIZED_AUTOS = YES_AGGRESSIVE;
				GCC_WARN_UNUSED_FUNCTION = YES;
				GCC_WARN_UNUSED_VARIABLE = YES;
				IPHONEOS_DEPLOYMENT_TARGET = 16.0;
				MTL_ENABLE_DEBUG_INFO = INCLUDE_SOURCE;
				MTL_FAST_MATH = YES;
				ONLY_ACTIVE_ARCH = YES;
				SDKROOT = iphoneos;
				SWIFT_ACTIVE_COMPILATION_CONDITIONS = DEBUG;
				SWIFT_OPTIMIZATION_LEVEL = "-Onone";
			};
			name = Debug;
		};
		7BC513DD293750F400DE0CE9 /* Release */ = {
			isa = XCBuildConfiguration;
			buildSettings = {
				ALWAYS_SEARCH_USER_PATHS = NO;
				CLANG_ANALYZER_NONNULL = YES;
				CLANG_ANALYZER_NUMBER_OBJECT_CONVERSION = YES_AGGRESSIVE;
				CLANG_CXX_LANGUAGE_STANDARD = "gnu++20";
				CLANG_ENABLE_MODULES = YES;
				CLANG_ENABLE_OBJC_ARC = YES;
				CLANG_ENABLE_OBJC_WEAK = YES;
				CLANG_WARN_BLOCK_CAPTURE_AUTORELEASING = YES;
				CLANG_WARN_BOOL_CONVERSION = YES;
				CLANG_WARN_COMMA = YES;
				CLANG_WARN_CONSTANT_CONVERSION = YES;
				CLANG_WARN_DEPRECATED_OBJC_IMPLEMENTATIONS = YES;
				CLANG_WARN_DIRECT_OBJC_ISA_USAGE = YES_ERROR;
				CLANG_WARN_DOCUMENTATION_COMMENTS = YES;
				CLANG_WARN_EMPTY_BODY = YES;
				CLANG_WARN_ENUM_CONVERSION = YES;
				CLANG_WARN_INFINITE_RECURSION = YES;
				CLANG_WARN_INT_CONVERSION = YES;
				CLANG_WARN_NON_LITERAL_NULL_CONVERSION = YES;
				CLANG_WARN_OBJC_IMPLICIT_RETAIN_SELF = YES;
				CLANG_WARN_OBJC_LITERAL_CONVERSION = YES;
				CLANG_WARN_OBJC_ROOT_CLASS = YES_ERROR;
				CLANG_WARN_QUOTED_INCLUDE_IN_FRAMEWORK_HEADER = YES;
				CLANG_WARN_RANGE_LOOP_ANALYSIS = YES;
				CLANG_WARN_STRICT_PROTOTYPES = YES;
				CLANG_WARN_SUSPICIOUS_MOVE = YES;
				CLANG_WARN_UNGUARDED_AVAILABILITY = YES_AGGRESSIVE;
				CLANG_WARN_UNREACHABLE_CODE = YES;
				CLANG_WARN__DUPLICATE_METHOD_MATCH = YES;
				COPY_PHASE_STRIP = NO;
				DEBUG_INFORMATION_FORMAT = "dwarf-with-dsym";
				ENABLE_NS_ASSERTIONS = NO;
				ENABLE_STRICT_OBJC_MSGSEND = YES;
				GCC_C_LANGUAGE_STANDARD = gnu11;
				GCC_NO_COMMON_BLOCKS = YES;
				GCC_WARN_64_TO_32_BIT_CONVERSION = YES;
				GCC_WARN_ABOUT_RETURN_TYPE = YES_ERROR;
				GCC_WARN_UNDECLARED_SELECTOR = YES;
				GCC_WARN_UNINITIALIZED_AUTOS = YES_AGGRESSIVE;
				GCC_WARN_UNUSED_FUNCTION = YES;
				GCC_WARN_UNUSED_VARIABLE = YES;
				IPHONEOS_DEPLOYMENT_TARGET = 16.0;
				MTL_ENABLE_DEBUG_INFO = NO;
				MTL_FAST_MATH = YES;
				SDKROOT = iphoneos;
				SWIFT_COMPILATION_MODE = wholemodule;
				SWIFT_OPTIMIZATION_LEVEL = "-O";
				VALIDATE_PRODUCT = YES;
			};
			name = Release;
		};
		7BC513DF293750F400DE0CE9 /* Debug */ = {
			isa = XCBuildConfiguration;
			buildSettings = {
				ASSETCATALOG_COMPILER_APPICON_NAME = AppIcon;
				ASSETCATALOG_COMPILER_GLOBAL_ACCENT_COLOR_NAME = AccentColor;
				CODE_SIGN_STYLE = Automatic;
				CURRENT_PROJECT_VERSION = 1;
				DEVELOPMENT_ASSET_PATHS = "\"Cat/Preview Content\"";
				ENABLE_PREVIEWS = YES;
				GENERATE_INFOPLIST_FILE = YES;
				INFOPLIST_KEY_UIApplicationSceneManifest_Generation = YES;
				INFOPLIST_KEY_UIApplicationSupportsIndirectInputEvents = YES;
				INFOPLIST_KEY_UILaunchScreen_Generation = YES;
				INFOPLIST_KEY_UISupportedInterfaceOrientations_iPad = "UIInterfaceOrientationPortrait UIInterfaceOrientationPortraitUpsideDown UIInterfaceOrientationLandscapeLeft UIInterfaceOrientationLandscapeRight";
				INFOPLIST_KEY_UISupportedInterfaceOrientations_iPhone = "UIInterfaceOrientationPortrait UIInterfaceOrientationLandscapeLeft UIInterfaceOrientationLandscapeRight";
				LD_RUNPATH_SEARCH_PATHS = (
					"$(inherited)",
					"@executable_path/Frameworks",
				);
				MARKETING_VERSION = 1.0;
				PRODUCT_BUNDLE_IDENTIFIER = com.ameliepocchiolo.Cat;
				PRODUCT_NAME = "$(TARGET_NAME)";
				SWIFT_EMIT_LOC_STRINGS = YES;
				SWIFT_VERSION = 5.0;
				TARGETED_DEVICE_FAMILY = "1,2";
			};
			name = Debug;
		};
		7BC513E0293750F400DE0CE9 /* Release */ = {
			isa = XCBuildConfiguration;
			buildSettings = {
				ASSETCATALOG_COMPILER_APPICON_NAME = AppIcon;
				ASSETCATALOG_COMPILER_GLOBAL_ACCENT_COLOR_NAME = AccentColor;
				CODE_SIGN_STYLE = Automatic;
				CURRENT_PROJECT_VERSION = 1;
				DEVELOPMENT_ASSET_PATHS = "\"Cat/Preview Content\"";
				ENABLE_PREVIEWS = YES;
				GENERATE_INFOPLIST_FILE = YES;
				INFOPLIST_KEY_UIApplicationSceneManifest_Generation = YES;
				INFOPLIST_KEY_UIApplicationSupportsIndirectInputEvents = YES;
				INFOPLIST_KEY_UILaunchScreen_Generation = YES;
				INFOPLIST_KEY_UISupportedInterfaceOrientations_iPad = "UIInterfaceOrientationPortrait UIInterfaceOrientationPortraitUpsideDown UIInterfaceOrientationLandscapeLeft UIInterfaceOrientationLandscapeRight";
				INFOPLIST_KEY_UISupportedInterfaceOrientations_iPhone = "UIInterfaceOrientationPortrait UIInterfaceOrientationLandscapeLeft UIInterfaceOrientationLandscapeRight";
				LD_RUNPATH_SEARCH_PATHS = (
					"$(inherited)",
					"@executable_path/Frameworks",
				);
				MARKETING_VERSION = 1.0;
				PRODUCT_BUNDLE_IDENTIFIER = com.ameliepocchiolo.Cat;
				PRODUCT_NAME = "$(TARGET_NAME)";
				SWIFT_EMIT_LOC_STRINGS = YES;
				SWIFT_VERSION = 5.0;
				TARGETED_DEVICE_FAMILY = "1,2";
			};
			name = Release;
		};
/* End XCBuildConfiguration section */

/* Begin XCConfigurationList section */
		7BC513CB293750F400DE0CE9 /* Build configuration list for PBXProject "Cat" */ = {
			isa = XCConfigurationList;
			buildConfigurations = (
				7BC513DC293750F400DE0CE9 /* Debug */,
				7BC513DD293750F400DE0CE9 /* Release */,
			);
			defaultConfigurationIsVisible = 0;
			defaultConfigurationName = Release;
		};
		7BC513DE293750F400DE0CE9 /* Build configuration list for PBXNativeTarget "Cat" */ = {
			isa = XCConfigurationList;
			buildConfigurations = (
				7BC513DF293750F400DE0CE9 /* Debug */,
				7BC513E0293750F400DE0CE9 /* Release */,
			);
			defaultConfigurationIsVisible = 0;
			defaultConfigurationName = Release;
		};
/* End XCConfigurationList section */

/* Begin XCRemoteSwiftPackageReference section */
		530614292940AF9900E81DB7 /* XCRemoteSwiftPackageReference "lottie-ios" */ = {
			isa = XCRemoteSwiftPackageReference;
			repositoryURL = "https://github.com/airbnb/lottie-ios.git";
			requirement = {
				kind = exactVersion;
				version = 3.5.0;
			};
		};
/* End XCRemoteSwiftPackageReference section */

/* Begin XCSwiftPackageProductDependency section */
		5306142A2940AF9900E81DB7 /* Lottie */ = {
			isa = XCSwiftPackageProductDependency;
			package = 530614292940AF9900E81DB7 /* XCRemoteSwiftPackageReference "lottie-ios" */;
			productName = Lottie;
		};
/* End XCSwiftPackageProductDependency section */
	};
	rootObject = 7BC513C8293750F400DE0CE9 /* Project object */;
}
