// !$*UTF8*$!
{
	archiveVersion = 1;
	classes = {
	};
	objectVersion = 56;
	objects = {

/* Begin PBXBuildFile section */
		7BC513D4293750F400DE0CE9 /* CatApp.swift in Sources */ = {isa = PBXBuildFile; fileRef = 7BC513D3293750F400DE0CE9 /* CatApp.swift */; };
		7BC513D6293750F400DE0CE9 /* ContentView.swift in Sources */ = {isa = PBXBuildFile; fileRef = 7BC513D5293750F400DE0CE9 /* ContentView.swift */; };
		7BC513D8293750F400DE0CE9 /* Assets.xcassets in Resources */ = {isa = PBXBuildFile; fileRef = 7BC513D7293750F400DE0CE9 /* Assets.xcassets */; };
		7BC513DB293750F400DE0CE9 /* Preview Assets.xcassets in Resources */ = {isa = PBXBuildFile; fileRef = 7BC513DA293750F400DE0CE9 /* Preview Assets.xcassets */; };
		7BC513E7293765F400DE0CE9 /* TreasureModel.swift in Sources */ = {isa = PBXBuildFile; fileRef = 7BC513E6293765F400DE0CE9 /* TreasureModel.swift */; };
		7BC513EB2937662F00DE0CE9 /* MapPointModel.swift in Sources */ = {isa = PBXBuildFile; fileRef = 7BC513EA2937662F00DE0CE9 /* MapPointModel.swift */; };
		7BC513ED2937665000DE0CE9 /* GameModel.swift in Sources */ = {isa = PBXBuildFile; fileRef = 7BC513EC2937665000DE0CE9 /* GameModel.swift */; };
		7BC513EF2937666600DE0CE9 /* ParticipantModel.swift in Sources */ = {isa = PBXBuildFile; fileRef = 7BC513EE2937666600DE0CE9 /* ParticipantModel.swift */; };
		7BC513F12937668B00DE0CE9 /* UserModel.swift in Sources */ = {isa = PBXBuildFile; fileRef = 7BC513F02937668B00DE0CE9 /* UserModel.swift */; };
		7BC513F3293766E900DE0CE9 /* DeleteFile.swift in Sources */ = {isa = PBXBuildFile; fileRef = 7BC513F2293766E900DE0CE9 /* DeleteFile.swift */; };
		7BC513F729376C2400DE0CE9 /* DeleteFile1.swift in Sources */ = {isa = PBXBuildFile; fileRef = 7BC513F629376C2400DE0CE9 /* DeleteFile1.swift */; };
		7BC513F9293770EE00DE0CE9 /* button.swift in Sources */ = {isa = PBXBuildFile; fileRef = 7BC513F8293770EE00DE0CE9 /* button.swift */; };
		7BC513FB2937729B00DE0CE9 /* VM1.swift in Sources */ = {isa = PBXBuildFile; fileRef = 7BC513FA2937729B00DE0CE9 /* VM1.swift */; };
		7BC513FD29379BC200DE0CE9 /* CodeGameView.swift in Sources */ = {isa = PBXBuildFile; fileRef = 7BC513FC29379BC200DE0CE9 /* CodeGameView.swift */; };
		7BC5140029379C0B00DE0CE9 /* LogoCAT.swift in Sources */ = {isa = PBXBuildFile; fileRef = 7BC513FF29379C0B00DE0CE9 /* LogoCAT.swift */; };
		7BC5140229389DA400DE0CE9 /* ViewTextField.swift in Sources */ = {isa = PBXBuildFile; fileRef = 7BC5140129389DA400DE0CE9 /* ViewTextField.swift */; };
		7BC514042938FF1400DE0CE9 /* WaitingRoom.swift in Sources */ = {isa = PBXBuildFile; fileRef = 7BC514032938FF1300DE0CE9 /* WaitingRoom.swift */; };
		7BC514072938FFEF00DE0CE9 /* UserWaitVM.swift in Sources */ = {isa = PBXBuildFile; fileRef = 7BC514062938FFEF00DE0CE9 /* UserWaitVM.swift */; };
		7BC514092939074000DE0CE9 /* CustList.swift in Sources */ = {isa = PBXBuildFile; fileRef = 7BC514082939074000DE0CE9 /* CustList.swift */; };
		7BC5140D293A067E00DE0CE9 /* DotView.swift in Sources */ = {isa = PBXBuildFile; fileRef = 7BC5140C293A067E00DE0CE9 /* DotView.swift */; };
/* End PBXBuildFile section */

/* Begin PBXFileReference section */
		7BC513D0293750F400DE0CE9 /* Cat.app */ = {isa = PBXFileReference; explicitFileType = wrapper.application; includeInIndex = 0; path = Cat.app; sourceTree = BUILT_PRODUCTS_DIR; };
		7BC513D3293750F400DE0CE9 /* CatApp.swift */ = {isa = PBXFileReference; lastKnownFileType = sourcecode.swift; path = CatApp.swift; sourceTree = "<group>"; };
		7BC513D5293750F400DE0CE9 /* ContentView.swift */ = {isa = PBXFileReference; lastKnownFileType = sourcecode.swift; path = ContentView.swift; sourceTree = "<group>"; };
		7BC513D7293750F400DE0CE9 /* Assets.xcassets */ = {isa = PBXFileReference; lastKnownFileType = folder.assetcatalog; path = Assets.xcassets; sourceTree = "<group>"; };
		7BC513DA293750F400DE0CE9 /* Preview Assets.xcassets */ = {isa = PBXFileReference; lastKnownFileType = folder.assetcatalog; path = "Preview Assets.xcassets"; sourceTree = "<group>"; };
		7BC513E6293765F400DE0CE9 /* TreasureModel.swift */ = {isa = PBXFileReference; lastKnownFileType = sourcecode.swift; path = TreasureModel.swift; sourceTree = "<group>"; };
		7BC513EA2937662F00DE0CE9 /* MapPointModel.swift */ = {isa = PBXFileReference; lastKnownFileType = sourcecode.swift; path = MapPointModel.swift; sourceTree = "<group>"; };
		7BC513EC2937665000DE0CE9 /* GameModel.swift */ = {isa = PBXFileReference; lastKnownFileType = sourcecode.swift; path = GameModel.swift; sourceTree = "<group>"; };
		7BC513EE2937666600DE0CE9 /* ParticipantModel.swift */ = {isa = PBXFileReference; lastKnownFileType = sourcecode.swift; path = ParticipantModel.swift; sourceTree = "<group>"; };
		7BC513F02937668B00DE0CE9 /* UserModel.swift */ = {isa = PBXFileReference; lastKnownFileType = sourcecode.swift; path = UserModel.swift; sourceTree = "<group>"; };
		7BC513F2293766E900DE0CE9 /* DeleteFile.swift */ = {isa = PBXFileReference; lastKnownFileType = sourcecode.swift; path = DeleteFile.swift; sourceTree = "<group>"; };
		7BC513F629376C2400DE0CE9 /* DeleteFile1.swift */ = {isa = PBXFileReference; lastKnownFileType = sourcecode.swift; path = DeleteFile1.swift; sourceTree = "<group>"; };
		7BC513F8293770EE00DE0CE9 /* button.swift */ = {isa = PBXFileReference; lastKnownFileType = sourcecode.swift; path = button.swift; sourceTree = "<group>"; };
		7BC513FA2937729B00DE0CE9 /* VM1.swift */ = {isa = PBXFileReference; lastKnownFileType = sourcecode.swift; path = VM1.swift; sourceTree = "<group>"; };
		7BC513FC29379BC200DE0CE9 /* CodeGameView.swift */ = {isa = PBXFileReference; lastKnownFileType = sourcecode.swift; path = CodeGameView.swift; sourceTree = "<group>"; };
		7BC513FF29379C0B00DE0CE9 /* LogoCAT.swift */ = {isa = PBXFileReference; lastKnownFileType = sourcecode.swift; path = LogoCAT.swift; sourceTree = "<group>"; };
		7BC5140129389DA400DE0CE9 /* ViewTextField.swift */ = {isa = PBXFileReference; lastKnownFileType = sourcecode.swift; path = ViewTextField.swift; sourceTree = "<group>"; };
		7BC514032938FF1300DE0CE9 /* WaitingRoom.swift */ = {isa = PBXFileReference; lastKnownFileType = sourcecode.swift; path = WaitingRoom.swift; sourceTree = "<group>"; };
		7BC514062938FFEF00DE0CE9 /* UserWaitVM.swift */ = {isa = PBXFileReference; lastKnownFileType = sourcecode.swift; path = UserWaitVM.swift; sourceTree = "<group>"; };
		7BC514082939074000DE0CE9 /* CustList.swift */ = {isa = PBXFileReference; lastKnownFileType = sourcecode.swift; path = CustList.swift; sourceTree = "<group>"; };
		7BC5140C293A067E00DE0CE9 /* DotView.swift */ = {isa = PBXFileReference; lastKnownFileType = sourcecode.swift; path = DotView.swift; sourceTree = "<group>"; };
/* End PBXFileReference section */

/* Begin PBXFrameworksBuildPhase section */
		7BC513CD293750F400DE0CE9 /* Frameworks */ = {
			isa = PBXFrameworksBuildPhase;
			buildActionMask = 2147483647;
			files = (
			);
			runOnlyForDeploymentPostprocessing = 0;
		};
/* End PBXFrameworksBuildPhase section */

/* Begin PBXGroup section */
		7BC513C7293750F400DE0CE9 = {
			isa = PBXGroup;
			children = (
				7BC513D2293750F400DE0CE9 /* Cat */,
				7BC513D1293750F400DE0CE9 /* Products */,
			);
			sourceTree = "<group>";
		};
		7BC513D1293750F400DE0CE9 /* Products */ = {
			isa = PBXGroup;
			children = (
				7BC513D0293750F400DE0CE9 /* Cat.app */,
			);
			name = Products;
			sourceTree = "<group>";
		};
		7BC513D2293750F400DE0CE9 /* Cat */ = {
			isa = PBXGroup;
			children = (
				7BC513D3293750F400DE0CE9 /* CatApp.swift */,
				7BC513D5293750F400DE0CE9 /* ContentView.swift */,
				7BC513E5293765B600DE0CE9 /* View */,
				7BC513E12937512B00DE0CE9 /* Model */,
				7BC513E4293765AC00DE0CE9 /* ViewModel */,
				7BC513D7293750F400DE0CE9 /* Assets.xcassets */,
				7BC513D9293750F400DE0CE9 /* Preview Content */,
			);
			path = Cat;
			sourceTree = "<group>";
		};
		7BC513D9293750F400DE0CE9 /* Preview Content */ = {
			isa = PBXGroup;
			children = (
				7BC513DA293750F400DE0CE9 /* Preview Assets.xcassets */,
			);
			path = "Preview Content";
			sourceTree = "<group>";
		};
		7BC513E12937512B00DE0CE9 /* Model */ = {
			isa = PBXGroup;
			children = (
				7BC513F02937668B00DE0CE9 /* UserModel.swift */,
				7BC513EE2937666600DE0CE9 /* ParticipantModel.swift */,
				7BC513EC2937665000DE0CE9 /* GameModel.swift */,
				7BC513E6293765F400DE0CE9 /* TreasureModel.swift */,
				7BC513EA2937662F00DE0CE9 /* MapPointModel.swift */,
			);
			path = Model;
			sourceTree = "<group>";
		};
		7BC513E4293765AC00DE0CE9 /* ViewModel */ = {
			isa = PBXGroup;
			children = (
				7BC513F629376C2400DE0CE9 /* DeleteFile1.swift */,
				7BC514062938FFEF00DE0CE9 /* UserWaitVM.swift */,
				7BC513FA2937729B00DE0CE9 /* VM1.swift */,
				7BC5140129389DA400DE0CE9 /* ViewTextField.swift */,
			);
			path = ViewModel;
			sourceTree = "<group>";
		};
		7BC513E5293765B600DE0CE9 /* View */ = {
			isa = PBXGroup;
			children = (
				7BC513F2293766E900DE0CE9 /* DeleteFile.swift */,
				7BC513FC29379BC200DE0CE9 /* CodeGameView.swift */,
				7BC514032938FF1300DE0CE9 /* WaitingRoom.swift */,
				7BC513FE29379BEC00DE0CE9 /* Helpers */,
			);
			path = View;
			sourceTree = "<group>";
		};
		7BC513FE29379BEC00DE0CE9 /* Helpers */ = {
			isa = PBXGroup;
			children = (
				7BC513F8293770EE00DE0CE9 /* button.swift */,
				7BC5140C293A067E00DE0CE9 /* DotView.swift */,
				7BC514082939074000DE0CE9 /* CustList.swift */,
				7BC513FF29379C0B00DE0CE9 /* LogoCAT.swift */,
			);
			path = Helpers;
			sourceTree = "<group>";
		};
/* End PBXGroup section */

/* Begin PBXNativeTarget section */
		7BC513CF293750F400DE0CE9 /* Cat */ = {
			isa = PBXNativeTarget;
			buildConfigurationList = 7BC513DE293750F400DE0CE9 /* Build configuration list for PBXNativeTarget "Cat" */;
			buildPhases = (
				7BC513CC293750F400DE0CE9 /* Sources */,
				7BC513CD293750F400DE0CE9 /* Frameworks */,
				7BC513CE293750F400DE0CE9 /* Resources */,
			);
			buildRules = (
			);
			dependencies = (
			);
			name = Cat;
			productName = Cat;
			productReference = 7BC513D0293750F400DE0CE9 /* Cat.app */;
			productType = "com.apple.product-type.application";
		};
/* End PBXNativeTarget section */

/* Begin PBXProject section */
		7BC513C8293750F400DE0CE9 /* Project object */ = {
			isa = PBXProject;
			attributes = {
				BuildIndependentTargetsInParallel = 1;
				LastSwiftUpdateCheck = 1400;
				LastUpgradeCheck = 1400;
				TargetAttributes = {
					7BC513CF293750F400DE0CE9 = {
						CreatedOnToolsVersion = 14.0;
					};
				};
			};
			buildConfigurationList = 7BC513CB293750F400DE0CE9 /* Build configuration list for PBXProject "Cat" */;
			compatibilityVersion = "Xcode 14.0";
			developmentRegion = en;
			hasScannedForEncodings = 0;
			knownRegions = (
				en,
				Base,
			);
			mainGroup = 7BC513C7293750F400DE0CE9;
			productRefGroup = 7BC513D1293750F400DE0CE9 /* Products */;
			projectDirPath = "";
			projectRoot = "";
			targets = (
				7BC513CF293750F400DE0CE9 /* Cat */,
			);
		};
/* End PBXProject section */

/* Begin PBXResourcesBuildPhase section */
		7BC513CE293750F400DE0CE9 /* Resources */ = {
			isa = PBXResourcesBuildPhase;
			buildActionMask = 2147483647;
			files = (
				7BC513DB293750F400DE0CE9 /* Preview Assets.xcassets in Resources */,
				7BC513D8293750F400DE0CE9 /* Assets.xcassets in Resources */,
			);
			runOnlyForDeploymentPostprocessing = 0;
		};
/* End PBXResourcesBuildPhase section */

/* Begin PBXSourcesBuildPhase section */
		7BC513CC293750F400DE0CE9 /* Sources */ = {
			isa = PBXSourcesBuildPhase;
			buildActionMask = 2147483647;
			files = (
				7BC5140029379C0B00DE0CE9 /* LogoCAT.swift in Sources */,
				7BC513D6293750F400DE0CE9 /* ContentView.swift in Sources */,
				7BC5140D293A067E00DE0CE9 /* DotView.swift in Sources */,
				7BC514072938FFEF00DE0CE9 /* UserWaitVM.swift in Sources */,
				7BC513F9293770EE00DE0CE9 /* button.swift in Sources */,
				7BC513D4293750F400DE0CE9 /* CatApp.swift in Sources */,
				7BC514042938FF1400DE0CE9 /* WaitingRoom.swift in Sources */,
				7BC513FB2937729B00DE0CE9 /* VM1.swift in Sources */,
				7BC513F12937668B00DE0CE9 /* UserModel.swift in Sources */,
				7BC513EB2937662F00DE0CE9 /* MapPointModel.swift in Sources */,
				7BC514092939074000DE0CE9 /* CustList.swift in Sources */,
				7BC513E7293765F400DE0CE9 /* TreasureModel.swift in Sources */,
				7BC513F729376C2400DE0CE9 /* DeleteFile1.swift in Sources */,
				7BC513EF2937666600DE0CE9 /* ParticipantModel.swift in Sources */,
				7BC5140229389DA400DE0CE9 /* ViewTextField.swift in Sources */,
				7BC513FD29379BC200DE0CE9 /* CodeGameView.swift in Sources */,
				7BC513F3293766E900DE0CE9 /* DeleteFile.swift in Sources */,
				7BC513ED2937665000DE0CE9 /* GameModel.swift in Sources */,
			);
			runOnlyForDeploymentPostprocessing = 0;
		};
/* End PBXSourcesBuildPhase section */

/* Begin XCBuildConfiguration section */
		7BC513DC293750F400DE0CE9 /* Debug */ = {
			isa = XCBuildConfiguration;
			buildSettings = {
				ALWAYS_SEARCH_USER_PATHS = NO;
				CLANG_ANALYZER_NONNULL = YES;
				CLANG_ANALYZER_NUMBER_OBJECT_CONVERSION = YES_AGGRESSIVE;
				CLANG_CXX_LANGUAGE_STANDARD = "gnu++20";
				CLANG_ENABLE_MODULES = YES;
				CLANG_ENABLE_OBJC_ARC = YES;
				CLANG_ENABLE_OBJC_WEAK = YES;
				CLANG_WARN_BLOCK_CAPTURE_AUTORELEASING = YES;
				CLANG_WARN_BOOL_CONVERSION = YES;
				CLANG_WARN_COMMA = YES;
				CLANG_WARN_CONSTANT_CONVERSION = YES;
				CLANG_WARN_DEPRECATED_OBJC_IMPLEMENTATIONS = YES;
				CLANG_WARN_DIRECT_OBJC_ISA_USAGE = YES_ERROR;
				CLANG_WARN_DOCUMENTATION_COMMENTS = YES;
				CLANG_WARN_EMPTY_BODY = YES;
				CLANG_WARN_ENUM_CONVERSION = YES;
				CLANG_WARN_INFINITE_RECURSION = YES;
				CLANG_WARN_INT_CONVERSION = YES;
				CLANG_WARN_NON_LITERAL_NULL_CONVERSION = YES;
				CLANG_WARN_OBJC_IMPLICIT_RETAIN_SELF = YES;
				CLANG_WARN_OBJC_LITERAL_CONVERSION = YES;
				CLANG_WARN_OBJC_ROOT_CLASS = YES_ERROR;
				CLANG_WARN_QUOTED_INCLUDE_IN_FRAMEWORK_HEADER = YES;
				CLANG_WARN_RANGE_LOOP_ANALYSIS = YES;
				CLANG_WARN_STRICT_PROTOTYPES = YES;
				CLANG_WARN_SUSPICIOUS_MOVE = YES;
				CLANG_WARN_UNGUARDED_AVAILABILITY = YES_AGGRESSIVE;
				CLANG_WARN_UNREACHABLE_CODE = YES;
				CLANG_WARN__DUPLICATE_METHOD_MATCH = YES;
				COPY_PHASE_STRIP = NO;
				DEBUG_INFORMATION_FORMAT = dwarf;
				ENABLE_STRICT_OBJC_MSGSEND = YES;
				ENABLE_TESTABILITY = YES;
				GCC_C_LANGUAGE_STANDARD = gnu11;
				GCC_DYNAMIC_NO_PIC = NO;
				GCC_NO_COMMON_BLOCKS = YES;
				GCC_OPTIMIZATION_LEVEL = 0;
				GCC_PREPROCESSOR_DEFINITIONS = (
					"DEBUG=1",
					"$(inherited)",
				);
				GCC_WARN_64_TO_32_BIT_CONVERSION = YES;
				GCC_WARN_ABOUT_RETURN_TYPE = YES_ERROR;
				GCC_WARN_UNDECLARED_SELECTOR = YES;
				GCC_WARN_UNINITIALIZED_AUTOS = YES_AGGRESSIVE;
				GCC_WARN_UNUSED_FUNCTION = YES;
				GCC_WARN_UNUSED_VARIABLE = YES;
				IPHONEOS_DEPLOYMENT_TARGET = 16.0;
				MTL_ENABLE_DEBUG_INFO = INCLUDE_SOURCE;
				MTL_FAST_MATH = YES;
				ONLY_ACTIVE_ARCH = YES;
				SDKROOT = iphoneos;
				SWIFT_ACTIVE_COMPILATION_CONDITIONS = DEBUG;
				SWIFT_OPTIMIZATION_LEVEL = "-Onone";
			};
			name = Debug;
		};
		7BC513DD293750F400DE0CE9 /* Release */ = {
			isa = XCBuildConfiguration;
			buildSettings = {
				ALWAYS_SEARCH_USER_PATHS = NO;
				CLANG_ANALYZER_NONNULL = YES;
				CLANG_ANALYZER_NUMBER_OBJECT_CONVERSION = YES_AGGRESSIVE;
				CLANG_CXX_LANGUAGE_STANDARD = "gnu++20";
				CLANG_ENABLE_MODULES = YES;
				CLANG_ENABLE_OBJC_ARC = YES;
				CLANG_ENABLE_OBJC_WEAK = YES;
				CLANG_WARN_BLOCK_CAPTURE_AUTORELEASING = YES;
				CLANG_WARN_BOOL_CONVERSION = YES;
				CLANG_WARN_COMMA = YES;
				CLANG_WARN_CONSTANT_CONVERSION = YES;
				CLANG_WARN_DEPRECATED_OBJC_IMPLEMENTATIONS = YES;
				CLANG_WARN_DIRECT_OBJC_ISA_USAGE = YES_ERROR;
				CLANG_WARN_DOCUMENTATION_COMMENTS = YES;
				CLANG_WARN_EMPTY_BODY = YES;
				CLANG_WARN_ENUM_CONVERSION = YES;
				CLANG_WARN_INFINITE_RECURSION = YES;
				CLANG_WARN_INT_CONVERSION = YES;
				CLANG_WARN_NON_LITERAL_NULL_CONVERSION = YES;
				CLANG_WARN_OBJC_IMPLICIT_RETAIN_SELF = YES;
				CLANG_WARN_OBJC_LITERAL_CONVERSION = YES;
				CLANG_WARN_OBJC_ROOT_CLASS = YES_ERROR;
				CLANG_WARN_QUOTED_INCLUDE_IN_FRAMEWORK_HEADER = YES;
				CLANG_WARN_RANGE_LOOP_ANALYSIS = YES;
				CLANG_WARN_STRICT_PROTOTYPES = YES;
				CLANG_WARN_SUSPICIOUS_MOVE = YES;
				CLANG_WARN_UNGUARDED_AVAILABILITY = YES_AGGRESSIVE;
				CLANG_WARN_UNREACHABLE_CODE = YES;
				CLANG_WARN__DUPLICATE_METHOD_MATCH = YES;
				COPY_PHASE_STRIP = NO;
				DEBUG_INFORMATION_FORMAT = "dwarf-with-dsym";
				ENABLE_NS_ASSERTIONS = NO;
				ENABLE_STRICT_OBJC_MSGSEND = YES;
				GCC_C_LANGUAGE_STANDARD = gnu11;
				GCC_NO_COMMON_BLOCKS = YES;
				GCC_WARN_64_TO_32_BIT_CONVERSION = YES;
				GCC_WARN_ABOUT_RETURN_TYPE = YES_ERROR;
				GCC_WARN_UNDECLARED_SELECTOR = YES;
				GCC_WARN_UNINITIALIZED_AUTOS = YES_AGGRESSIVE;
				GCC_WARN_UNUSED_FUNCTION = YES;
				GCC_WARN_UNUSED_VARIABLE = YES;
				IPHONEOS_DEPLOYMENT_TARGET = 16.0;
				MTL_ENABLE_DEBUG_INFO = NO;
				MTL_FAST_MATH = YES;
				SDKROOT = iphoneos;
				SWIFT_COMPILATION_MODE = wholemodule;
				SWIFT_OPTIMIZATION_LEVEL = "-O";
				VALIDATE_PRODUCT = YES;
			};
			name = Release;
		};
		7BC513DF293750F400DE0CE9 /* Debug */ = {
			isa = XCBuildConfiguration;
			buildSettings = {
				ASSETCATALOG_COMPILER_APPICON_NAME = AppIcon;
				ASSETCATALOG_COMPILER_GLOBAL_ACCENT_COLOR_NAME = AccentColor;
				CODE_SIGN_STYLE = Automatic;
				CURRENT_PROJECT_VERSION = 1;
				DEVELOPMENT_ASSET_PATHS = "\"Cat/Preview Content\"";
				ENABLE_PREVIEWS = YES;
				GENERATE_INFOPLIST_FILE = YES;
				INFOPLIST_KEY_UIApplicationSceneManifest_Generation = YES;
				INFOPLIST_KEY_UIApplicationSupportsIndirectInputEvents = YES;
				INFOPLIST_KEY_UILaunchScreen_Generation = YES;
				INFOPLIST_KEY_UISupportedInterfaceOrientations_iPad = "UIInterfaceOrientationPortrait UIInterfaceOrientationPortraitUpsideDown UIInterfaceOrientationLandscapeLeft UIInterfaceOrientationLandscapeRight";
				INFOPLIST_KEY_UISupportedInterfaceOrientations_iPhone = "UIInterfaceOrientationPortrait UIInterfaceOrientationLandscapeLeft UIInterfaceOrientationLandscapeRight";
				LD_RUNPATH_SEARCH_PATHS = (
					"$(inherited)",
					"@executable_path/Frameworks",
				);
				MARKETING_VERSION = 1.0;
				PRODUCT_BUNDLE_IDENTIFIER = com.ameliepocchiolo.Cat;
				PRODUCT_NAME = "$(TARGET_NAME)";
				SWIFT_EMIT_LOC_STRINGS = YES;
				SWIFT_VERSION = 5.0;
				TARGETED_DEVICE_FAMILY = "1,2";
			};
			name = Debug;
		};
		7BC513E0293750F400DE0CE9 /* Release */ = {
			isa = XCBuildConfiguration;
			buildSettings = {
				ASSETCATALOG_COMPILER_APPICON_NAME = AppIcon;
				ASSETCATALOG_COMPILER_GLOBAL_ACCENT_COLOR_NAME = AccentColor;
				CODE_SIGN_STYLE = Automatic;
				CURRENT_PROJECT_VERSION = 1;
				DEVELOPMENT_ASSET_PATHS = "\"Cat/Preview Content\"";
				ENABLE_PREVIEWS = YES;
				GENERATE_INFOPLIST_FILE = YES;
				INFOPLIST_KEY_UIApplicationSceneManifest_Generation = YES;
				INFOPLIST_KEY_UIApplicationSupportsIndirectInputEvents = YES;
				INFOPLIST_KEY_UILaunchScreen_Generation = YES;
				INFOPLIST_KEY_UISupportedInterfaceOrientations_iPad = "UIInterfaceOrientationPortrait UIInterfaceOrientationPortraitUpsideDown UIInterfaceOrientationLandscapeLeft UIInterfaceOrientationLandscapeRight";
				INFOPLIST_KEY_UISupportedInterfaceOrientations_iPhone = "UIInterfaceOrientationPortrait UIInterfaceOrientationLandscapeLeft UIInterfaceOrientationLandscapeRight";
				LD_RUNPATH_SEARCH_PATHS = (
					"$(inherited)",
					"@executable_path/Frameworks",
				);
				MARKETING_VERSION = 1.0;
				PRODUCT_BUNDLE_IDENTIFIER = com.ameliepocchiolo.Cat;
				PRODUCT_NAME = "$(TARGET_NAME)";
				SWIFT_EMIT_LOC_STRINGS = YES;
				SWIFT_VERSION = 5.0;
				TARGETED_DEVICE_FAMILY = "1,2";
			};
			name = Release;
		};
/* End XCBuildConfiguration section */

/* Begin XCConfigurationList section */
		7BC513CB293750F400DE0CE9 /* Build configuration list for PBXProject "Cat" */ = {
			isa = XCConfigurationList;
			buildConfigurations = (
				7BC513DC293750F400DE0CE9 /* Debug */,
				7BC513DD293750F400DE0CE9 /* Release */,
			);
			defaultConfigurationIsVisible = 0;
			defaultConfigurationName = Release;
		};
		7BC513DE293750F400DE0CE9 /* Build configuration list for PBXNativeTarget "Cat" */ = {
			isa = XCConfigurationList;
			buildConfigurations = (
				7BC513DF293750F400DE0CE9 /* Debug */,
				7BC513E0293750F400DE0CE9 /* Release */,
			);
			defaultConfigurationIsVisible = 0;
			defaultConfigurationName = Release;
		};
/* End XCConfigurationList section */
	};
	rootObject = 7BC513C8293750F400DE0CE9 /* Project object */;
}
